{
  "name": "ts-date-formatter",
  "version": "1.0.0",
  "lockfileVersion": 2,
  "requires": true,
  "packages": {
    "": {
      "name": "ts-date-formatter",
      "version": "1.0.0",
      "license": "ISC",
      "dependencies": {
        "type-plus": "^4.11.1"
      },
      "devDependencies": {
        "typescript": "^4.7.4"
      }
    },
    "node_modules/acorn": {
      "version": "8.8.0",
      "resolved": "https://registry.npmjs.org/acorn/-/acorn-8.8.0.tgz",
      "integrity": "sha512-QOxyigPVrpZ2GXT+PFyZTl6TtOFc5egxHIP9IlQ+RbupQuX4RkT/Bee4/kQuC02Xkzg84JcT7oLYtDIQxp+v7w==",
      "bin": {
        "acorn": "bin/acorn"
      },
      "engines": {
        "node": ">=0.4.0"
      }
    },
    "node_modules/is-buffer": {
      "version": "2.0.5",
      "resolved": "https://registry.npmjs.org/is-buffer/-/is-buffer-2.0.5.tgz",
      "integrity": "sha512-i2R6zNFDwgEHJyQUtJEk0XFi1i0dPFn/oqjK3/vPCcDeJvW5NQ83V8QbicfF1SupOaB0h8ntgBC2YiE7dfyctQ==",
      "funding": [
        {
          "type": "github",
          "url": "https://github.com/sponsors/feross"
        },
        {
          "type": "patreon",
          "url": "https://www.patreon.com/feross"
        },
        {
          "type": "consulting",
          "url": "https://feross.org/support"
        }
      ],
      "engines": {
        "node": ">=4"
      }
    },
    "node_modules/tersify": {
      "version": "3.10.2",
      "resolved": "https://registry.npmjs.org/tersify/-/tersify-3.10.2.tgz",
      "integrity": "sha512-7R7EAX2CYn14J4M9wp4phx0Wtd10KVl98f+iMIp17Ua9YBqMTkrZYK5LvtJpxrh+fO1uGTyKoeqL1BXpHiayMw==",
      "hasInstallScript": true,
      "dependencies": {
        "acorn": "^8.7.1",
        "is-buffer": "^2.0.5",
        "unpartial": "^0.7.4"
      }
    },
    "node_modules/type-plus": {
      "version": "4.11.1",
      "resolved": "https://registry.npmjs.org/type-plus/-/type-plus-4.11.1.tgz",
      "integrity": "sha512-i/Q45slBZzQraXRTOc9aEfYIDW28BxiH7v0FtTUa7nXIe4Lotu9eDIJ4I/21gmkf/C0EPCNxxUiIB207z+Xyww==",
      "hasInstallScript": true,
      "dependencies": {
        "tersify": "^3.10.2",
        "unpartial": "^0.7.5"
      }
    },
    "node_modules/typescript": {
      "version": "4.7.4",
      "resolved": "https://registry.npmjs.org/typescript/-/typescript-4.7.4.tgz",
      "integrity": "sha512-C0WQT0gezHuw6AdY1M2jxUO83Rjf0HP7Sk1DtXj6j1EwkQNZrHAg2XPWlq62oqEhYvONq5pkC2Y9oPljWToLmQ==",
      "dev": true,
      "bin": {
        "tsc": "bin/tsc",
        "tsserver": "bin/tsserver"
      },
      "engines": {
        "node": ">=4.2.0"
      }
    },
    "node_modules/unpartial": {
      "version": "0.7.5",
      "resolved": "https://registry.npmjs.org/unpartial/-/unpartial-0.7.5.tgz",
      "integrity": "sha512-02G/AkbF7MkgaEOAJmCe7P0UYzJVkMkAIU5YEJsO5QmDX7vkqyNctVi1gPm8YLVlGo5T/Qe/hYA66AuliEKBag==",
      "hasInstallScript": true,
      "engines": {
        "node": ">=6"
      }
    }
  },
  "dependencies": {
    "acorn": {
      "version": "8.8.0",
      "resolved": "https://registry.npmjs.org/acorn/-/acorn-8.8.0.tgz",
      "integrity": "sha512-QOxyigPVrpZ2GXT+PFyZTl6TtOFc5egxHIP9IlQ+RbupQuX4RkT/Bee4/kQuC02Xkzg84JcT7oLYtDIQxp+v7w=="
    },
    "is-buffer": {
      "version": "2.0.5",
      "resolved": "https://registry.npmjs.org/is-buffer/-/is-buffer-2.0.5.tgz",
      "integrity": "sha512-i2R6zNFDwgEHJyQUtJEk0XFi1i0dPFn/oqjK3/vPCcDeJvW5NQ83V8QbicfF1SupOaB0h8ntgBC2YiE7dfyctQ=="
    },
    "tersify": {
      "version": "3.10.2",
      "resolved": "https://registry.npmjs.org/tersify/-/tersify-3.10.2.tgz",
      "integrity": "sha512-7R7EAX2CYn14J4M9wp4phx0Wtd10KVl98f+iMIp17Ua9YBqMTkrZYK5LvtJpxrh+fO1uGTyKoeqL1BXpHiayMw==",
      "requires": {
        "acorn": "^8.7.1",
        "is-buffer": "^2.0.5",
        "unpartial": "^0.7.4"
      }
    },
    "type-plus": {
      "version": "4.11.1",
      "resolved": "https://registry.npmjs.org/type-plus/-/type-plus-4.11.1.tgz",
      "integrity": "sha512-i/Q45slBZzQraXRTOc9aEfYIDW28BxiH7v0FtTUa7nXIe4Lotu9eDIJ4I/21gmkf/C0EPCNxxUiIB207z+Xyww==",
      "requires": {
        "tersify": "^3.10.2",
        "unpartial": "^0.7.5"
      }
    },
    "typescript": {
      "version": "4.7.4",
      "resolved": "https://registry.npmjs.org/typescript/-/typescript-4.7.4.tgz",
      "integrity": "sha512-C0WQT0gezHuw6AdY1M2jxUO83Rjf0HP7Sk1DtXj6j1EwkQNZrHAg2XPWlq62oqEhYvONq5pkC2Y9oPljWToLmQ==",
      "dev": true
    },
    "unpartial": {
      "version": "0.7.5",
      "resolved": "https://registry.npmjs.org/unpartial/-/unpartial-0.7.5.tgz",
      "integrity": "sha512-02G/AkbF7MkgaEOAJmCe7P0UYzJVkMkAIU5YEJsO5QmDX7vkqyNctVi1gPm8YLVlGo5T/Qe/hYA66AuliEKBag=="
    }
  }
}
